
Microsoft Visual Studio Solution File, Format Version 12.00
# Visual Studio Version 17
VisualStudioVersion = 17.13.35828.75 d17.13
MinimumVisualStudioVersion = 10.0.40219.1
Project("{FAE04EC0-301F-11D3-BF4B-00C04F79EFBC}") = "ConsoleApp1", "ConsoleApp1.csproj", "{2D1AD5D3-441C-419B-8808-407695907218}"
EndProject
Project("{2150E333-8FDC-42A3-9474-1A3956D46DE8}") = "Scenes", "Scenes", "{C8D5274F-AC00-46C7-1F8D-E88E81087A52}"
	ProjectSection(SolutionItems) = preProject
		FrontHome.cs = FrontHome.cs
		Scene.cs = Scene.cs
		StartScene.cs = StartScene.cs
		TitleScene.cs = TitleScene.cs
	EndProjectSection
EndProject
Global
	GlobalSection(SolutionConfigurationPlatforms) = preSolution
		Debug|Any CPU = Debug|Any CPU
		Release|Any CPU = Release|Any CPU
	EndGlobalSection
	GlobalSection(ProjectConfigurationPlatforms) = postSolution
		{2D1AD5D3-441C-419B-8808-407695907218}.Debug|Any CPU.ActiveCfg = Debug|Any CPU
		{2D1AD5D3-441C-419B-8808-407695907218}.Debug|Any CPU.Build.0 = Debug|Any CPU
		{2D1AD5D3-441C-419B-8808-407695907218}.Release|Any CPU.ActiveCfg = Release|Any CPU
		{2D1AD5D3-441C-419B-8808-407695907218}.Release|Any CPU.Build.0 = Release|Any CPU
	EndGlobalSection
	GlobalSection(SolutionProperties) = preSolution
		HideSolutionNode = FALSE
	EndGlobalSection
	GlobalSection(ExtensibilityGlobals) = postSolution
		SolutionGuid = {FDBFFD4A-03D5-443A-94C7-0DF73ADEB716}
	EndGlobalSection
EndGlobal
